
Microsoft Visual Studio Solution File, Format Version 12.00
Project("{FAE04EC0-301F-11D3-BF4B-00C04F79EFBC}") = "ConsoleRolePlayingGame.Domain", "ConsoleRolePlayingGame.Domain\ConsoleRolePlayingGame.Domain.csproj", "{6A854AAD-BC1C-402F-BFE9-FFE2D10BC337}"
EndProject
Project("{FAE04EC0-301F-11D3-BF4B-00C04F79EFBC}") = "ConsoleRolePlayingGame.ConsoleApp", "ConsoleRolePlayingGame.ConsoleApp\ConsoleRolePlayingGame.ConsoleApp.csproj", "{68AAC013-1852-406C-9884-B448698B90AC}"
EndProject
Project("{FAE04EC0-301F-11D3-BF4B-00C04F79EFBC}") = "ConsoleRolePlayingGame.Overworld", "ConsoleRolePlayingGame.Overworld\ConsoleRolePlayingGame.Overworld.csproj", "{1794FEB0-DA96-476A-BC0F-5FA7533D6BD4}"
EndProject
Project("{FAE04EC0-301F-11D3-BF4B-00C04F79EFBC}") = "ConsoleRolePlayingGame.Overworld.Tests", "ConsoleRolePlayingGame.Overworld.Tests\ConsoleRolePlayingGame.Overworld.Tests.csproj", "{114663DB-9969-4D2C-9D94-82DBD596A5D0}"
EndProject
Global
	GlobalSection(SolutionConfigurationPlatforms) = preSolution
		Debug|Any CPU = Debug|Any CPU
		Release|Any CPU = Release|Any CPU
	EndGlobalSection
	GlobalSection(ProjectConfigurationPlatforms) = postSolution
		{6A854AAD-BC1C-402F-BFE9-FFE2D10BC337}.Debug|Any CPU.ActiveCfg = Debug|Any CPU
		{6A854AAD-BC1C-402F-BFE9-FFE2D10BC337}.Debug|Any CPU.Build.0 = Debug|Any CPU
		{6A854AAD-BC1C-402F-BFE9-FFE2D10BC337}.Release|Any CPU.ActiveCfg = Release|Any CPU
		{6A854AAD-BC1C-402F-BFE9-FFE2D10BC337}.Release|Any CPU.Build.0 = Release|Any CPU
		{68AAC013-1852-406C-9884-B448698B90AC}.Debug|Any CPU.ActiveCfg = Debug|Any CPU
		{68AAC013-1852-406C-9884-B448698B90AC}.Debug|Any CPU.Build.0 = Debug|Any CPU
		{68AAC013-1852-406C-9884-B448698B90AC}.Release|Any CPU.ActiveCfg = Release|Any CPU
		{68AAC013-1852-406C-9884-B448698B90AC}.Release|Any CPU.Build.0 = Release|Any CPU
		{1794FEB0-DA96-476A-BC0F-5FA7533D6BD4}.Debug|Any CPU.ActiveCfg = Debug|Any CPU
		{1794FEB0-DA96-476A-BC0F-5FA7533D6BD4}.Debug|Any CPU.Build.0 = Debug|Any CPU
		{1794FEB0-DA96-476A-BC0F-5FA7533D6BD4}.Release|Any CPU.ActiveCfg = Release|Any CPU
		{1794FEB0-DA96-476A-BC0F-5FA7533D6BD4}.Release|Any CPU.Build.0 = Release|Any CPU
		{114663DB-9969-4D2C-9D94-82DBD596A5D0}.Debug|Any CPU.ActiveCfg = Debug|Any CPU
		{114663DB-9969-4D2C-9D94-82DBD596A5D0}.Debug|Any CPU.Build.0 = Debug|Any CPU
		{114663DB-9969-4D2C-9D94-82DBD596A5D0}.Release|Any CPU.ActiveCfg = Release|Any CPU
		{114663DB-9969-4D2C-9D94-82DBD596A5D0}.Release|Any CPU.Build.0 = Release|Any CPU
	EndGlobalSection
EndGlobal
