
Microsoft Visual Studio Solution File, Format Version 12.00
Project("{FAE04EC0-301F-11D3-BF4B-00C04F79EFBC}") = "CardTrackerWebApi", "CardTrackerWebApi\CardTrackerWebApi.csproj", "{4367B3E0-6CA3-4848-A4F2-72398869E588}"
EndProject
Project("{FAE04EC0-301F-11D3-BF4B-00C04F79EFBC}") = "CardTrackerClient", "CardTrackerClient\CardTrackerClient.csproj", "{B3C57520-2350-494B-A044-34655BAC3F88}"
EndProject
Project("{FAE04EC0-301F-11D3-BF4B-00C04F79EFBC}") = "CardTracker.Contracts", "CardTracker.Contracts\CardTracker.Contracts.csproj", "{791FAE50-261A-4738-B4E7-D55BDB62467F}"
EndProject
Global
	GlobalSection(SolutionConfigurationPlatforms) = preSolution
		Debug|Any CPU = Debug|Any CPU
		Release|Any CPU = Release|Any CPU
	EndGlobalSection
	GlobalSection(ProjectConfigurationPlatforms) = postSolution
		{4367B3E0-6CA3-4848-A4F2-72398869E588}.Debug|Any CPU.ActiveCfg = Debug|Any CPU
		{4367B3E0-6CA3-4848-A4F2-72398869E588}.Debug|Any CPU.Build.0 = Debug|Any CPU
		{4367B3E0-6CA3-4848-A4F2-72398869E588}.Release|Any CPU.ActiveCfg = Release|Any CPU
		{4367B3E0-6CA3-4848-A4F2-72398869E588}.Release|Any CPU.Build.0 = Release|Any CPU
		{B3C57520-2350-494B-A044-34655BAC3F88}.Debug|Any CPU.ActiveCfg = Debug|Any CPU
		{B3C57520-2350-494B-A044-34655BAC3F88}.Debug|Any CPU.Build.0 = Debug|Any CPU
		{B3C57520-2350-494B-A044-34655BAC3F88}.Release|Any CPU.ActiveCfg = Release|Any CPU
		{B3C57520-2350-494B-A044-34655BAC3F88}.Release|Any CPU.Build.0 = Release|Any CPU
		{791FAE50-261A-4738-B4E7-D55BDB62467F}.Debug|Any CPU.ActiveCfg = Debug|Any CPU
		{791FAE50-261A-4738-B4E7-D55BDB62467F}.Debug|Any CPU.Build.0 = Debug|Any CPU
		{791FAE50-261A-4738-B4E7-D55BDB62467F}.Release|Any CPU.ActiveCfg = Release|Any CPU
		{791FAE50-261A-4738-B4E7-D55BDB62467F}.Release|Any CPU.Build.0 = Release|Any CPU
	EndGlobalSection
EndGlobal
