Microsoft Visual Studio Solution File, Format Version 12.00
# Visual Studio Version 17
VisualStudioVersion = 17.13.36105.23 d17.13
MinimumVisualStudioVersion = 10.0.40219.1
Project("{FAE04EC0-301F-11D3-BF4B-00C04F79EFBC}") = "ModelContextProtocol.AppHost", "ModelContextProtocol.AppHost\ModelContextProtocol.AppHost.csproj", "{DFF9C673-AE3F-4CF1-AA5F-D6DD052E287D}"
EndProject
Project("{FAE04EC0-301F-11D3-BF4B-00C04F79EFBC}") = "ModelContextProtocol.ServiceDefaults", "ModelContextProtocol.ServiceDefaults\ModelContextProtocol.ServiceDefaults.csproj", "{4D50D21F-E39C-C9C5-B0ED-E21F14B55F72}"
EndProject
Project("{FAE04EC0-301F-11D3-BF4B-00C04F79EFBC}") = "ModelContextProtocol.ApiService", "ModelContextProtocol.ApiService\ModelContextProtocol.ApiService.csproj", "{07710301-1DC6-AC4E-2A3B-B08FF713CADC}"
EndProject
Project("{FAE04EC0-301F-11D3-BF4B-00C04F79EFBC}") = "ModelContextProtocol.Web", "ModelContextProtocol.Web\ModelContextProtocol.Web.csproj", "{77B15C58-2E6A-FBD3-7E63-3FFE9185E5F3}"
EndProject
Global
	GlobalSection(SolutionConfigurationPlatforms) = preSolution
		Debug|Any CPU = Debug|Any CPU
		Release|Any CPU = Release|Any CPU
	EndGlobalSection
	GlobalSection(ProjectConfigurationPlatforms) = postSolution
		{DFF9C673-AE3F-4CF1-AA5F-D6DD052E287D}.Debug|Any CPU.ActiveCfg = Debug|Any CPU
		{DFF9C673-AE3F-4CF1-AA5F-D6DD052E287D}.Debug|Any CPU.Build.0 = Debug|Any CPU
		{DFF9C673-AE3F-4CF1-AA5F-D6DD052E287D}.Release|Any CPU.ActiveCfg = Release|Any CPU
		{DFF9C673-AE3F-4CF1-AA5F-D6DD052E287D}.Release|Any CPU.Build.0 = Release|Any CPU
		{4D50D21F-E39C-C9C5-B0ED-E21F14B55F72}.Debug|Any CPU.ActiveCfg = Debug|Any CPU
		{4D50D21F-E39C-C9C5-B0ED-E21F14B55F72}.Debug|Any CPU.Build.0 = Debug|Any CPU
		{4D50D21F-E39C-C9C5-B0ED-E21F14B55F72}.Release|Any CPU.ActiveCfg = Release|Any CPU
		{4D50D21F-E39C-C9C5-B0ED-E21F14B55F72}.Release|Any CPU.Build.0 = Release|Any CPU
		{07710301-1DC6-AC4E-2A3B-B08FF713CADC}.Debug|Any CPU.ActiveCfg = Debug|Any CPU
		{07710301-1DC6-AC4E-2A3B-B08FF713CADC}.Debug|Any CPU.Build.0 = Debug|Any CPU
		{07710301-1DC6-AC4E-2A3B-B08FF713CADC}.Release|Any CPU.ActiveCfg = Release|Any CPU
		{07710301-1DC6-AC4E-2A3B-B08FF713CADC}.Release|Any CPU.Build.0 = Release|Any CPU
		{77B15C58-2E6A-FBD3-7E63-3FFE9185E5F3}.Debug|Any CPU.ActiveCfg = Debug|Any CPU
		{77B15C58-2E6A-FBD3-7E63-3FFE9185E5F3}.Debug|Any CPU.Build.0 = Debug|Any CPU
		{77B15C58-2E6A-FBD3-7E63-3FFE9185E5F3}.Release|Any CPU.ActiveCfg = Release|Any CPU
		{77B15C58-2E6A-FBD3-7E63-3FFE9185E5F3}.Release|Any CPU.Build.0 = Release|Any CPU
	EndGlobalSection
	GlobalSection(SolutionProperties) = preSolution
		HideSolutionNode = FALSE
	EndGlobalSection
	GlobalSection(ExtensibilityGlobals) = postSolution
		SolutionGuid = {CFF31682-C1D2-49C3-BF65-DC04854F18AD}
	EndGlobalSection
EndGlobal
