
Microsoft Visual Studio Solution File, Format Version 12.00
Project("{FAE04EC0-301F-11D3-BF4B-00C04F79EFBC}") = "ConsoleAppAdventureGame", "ConsoleAppAdventureGame\ConsoleAppAdventureGame.csproj", "{F704B34F-B27C-4769-BE84-DD4F04419C63}"
EndProject
Project("{FAE04EC0-301F-11D3-BF4B-00C04F79EFBC}") = "ConsoleAppAdventureGameTests", "ConsoleAppAdventureGameTests\ConsoleAppAdventureGameTests.csproj", "{BF4919A7-4EC2-4F07-920C-6BD73EB9F311}"
EndProject
Global
	GlobalSection(SolutionConfigurationPlatforms) = preSolution
		Debug|Any CPU = Debug|Any CPU
		Release|Any CPU = Release|Any CPU
	EndGlobalSection
	GlobalSection(ProjectConfigurationPlatforms) = postSolution
		{F704B34F-B27C-4769-BE84-DD4F04419C63}.Debug|Any CPU.ActiveCfg = Debug|Any CPU
		{F704B34F-B27C-4769-BE84-DD4F04419C63}.Debug|Any CPU.Build.0 = Debug|Any CPU
		{F704B34F-B27C-4769-BE84-DD4F04419C63}.Release|Any CPU.ActiveCfg = Release|Any CPU
		{F704B34F-B27C-4769-BE84-DD4F04419C63}.Release|Any CPU.Build.0 = Release|Any CPU
		{BF4919A7-4EC2-4F07-920C-6BD73EB9F311}.Debug|Any CPU.ActiveCfg = Debug|Any CPU
		{BF4919A7-4EC2-4F07-920C-6BD73EB9F311}.Debug|Any CPU.Build.0 = Debug|Any CPU
		{BF4919A7-4EC2-4F07-920C-6BD73EB9F311}.Release|Any CPU.ActiveCfg = Release|Any CPU
		{BF4919A7-4EC2-4F07-920C-6BD73EB9F311}.Release|Any CPU.Build.0 = Release|Any CPU
	EndGlobalSection
EndGlobal
